// !$*UTF8*$!
{
	archiveVersion = 1;
	classes = {
	};
	objectVersion = 50;
	objects = {

/* Begin PBXBuildFile section */
		0433485721EF6B7C0068B545 /* NamesCell.swift in Sources */ = {isa = PBXBuildFile; fileRef = 0433485621EF6B7C0068B545 /* NamesCell.swift */; };
		0433485921EF6D330068B545 /* Person.swift in Sources */ = {isa = PBXBuildFile; fileRef = 0433485821EF6D330068B545 /* Person.swift */; };
		04F9F41621EF6A240095F8B3 /* AppDelegate.swift in Sources */ = {isa = PBXBuildFile; fileRef = 04F9F41521EF6A240095F8B3 /* AppDelegate.swift */; };
		04F9F41821EF6A240095F8B3 /* ViewController.swift in Sources */ = {isa = PBXBuildFile; fileRef = 04F9F41721EF6A240095F8B3 /* ViewController.swift */; };
		04F9F41B21EF6A240095F8B3 /* Main.storyboard in Resources */ = {isa = PBXBuildFile; fileRef = 04F9F41921EF6A240095F8B3 /* Main.storyboard */; };
		04F9F41D21EF6A250095F8B3 /* Assets.xcassets in Resources */ = {isa = PBXBuildFile; fileRef = 04F9F41C21EF6A250095F8B3 /* Assets.xcassets */; };
		04F9F42021EF6A250095F8B3 /* LaunchScreen.storyboard in Resources */ = {isa = PBXBuildFile; fileRef = 04F9F41E21EF6A250095F8B3 /* LaunchScreen.storyboard */; };
		04F9F42B21EF6A250095F8B3 /* RxSwiftSampleAppTests.swift in Sources */ = {isa = PBXBuildFile; fileRef = 04F9F42A21EF6A250095F8B3 /* RxSwiftSampleAppTests.swift */; };
		04F9F43621EF6A250095F8B3 /* RxSwiftSampleAppUITests.swift in Sources */ = {isa = PBXBuildFile; fileRef = 04F9F43521EF6A250095F8B3 /* RxSwiftSampleAppUITests.swift */; };
		3A611FE3144C696DFDF48CF1 /* Pods_RxSwiftSampleAppUITests.framework in Frameworks */ = {isa = PBXBuildFile; fileRef = 633F533F3DD9793A39F3A3FC /* Pods_RxSwiftSampleAppUITests.framework */; };
		4110A3338F44E844ADE51BF2 /* Pods_RxSwiftSampleApp.framework in Frameworks */ = {isa = PBXBuildFile; fileRef = A87E25A2138F6B52F1E892D1 /* Pods_RxSwiftSampleApp.framework */; };
		853FE6082E37D1D51BE9E3FB /* Pods_RxSwiftSampleAppTests.framework in Frameworks */ = {isa = PBXBuildFile; fileRef = CA90ECD790D06050887F4B9C /* Pods_RxSwiftSampleAppTests.framework */; };
/* End PBXBuildFile section */

/* Begin PBXContainerItemProxy section */
		04F9F42721EF6A250095F8B3 /* PBXContainerItemProxy */ = {
			isa = PBXContainerItemProxy;
			containerPortal = 04F9F40A21EF6A240095F8B3 /* Project object */;
			proxyType = 1;
			remoteGlobalIDString = 04F9F41121EF6A240095F8B3;
			remoteInfo = RxSwiftSampleApp;
		};
		04F9F43221EF6A250095F8B3 /* PBXContainerItemProxy */ = {
			isa = PBXContainerItemProxy;
			containerPortal = 04F9F40A21EF6A240095F8B3 /* Project object */;
			proxyType = 1;
			remoteGlobalIDString = 04F9F41121EF6A240095F8B3;
			remoteInfo = RxSwiftSampleApp;
		};
/* End PBXContainerItemProxy section */

/* Begin PBXFileReference section */
		0433485621EF6B7C0068B545 /* NamesCell.swift */ = {isa = PBXFileReference; fileEncoding = 4; lastKnownFileType = sourcecode.swift; path = NamesCell.swift; sourceTree = "<group>"; };
		0433485821EF6D330068B545 /* Person.swift */ = {isa = PBXFileReference; lastKnownFileType = sourcecode.swift; path = Person.swift; sourceTree = "<group>"; };
		04F9F41221EF6A240095F8B3 /* RxSwiftSampleApp.app */ = {isa = PBXFileReference; explicitFileType = wrapper.application; includeInIndex = 0; path = RxSwiftSampleApp.app; sourceTree = BUILT_PRODUCTS_DIR; };
		04F9F41521EF6A240095F8B3 /* AppDelegate.swift */ = {isa = PBXFileReference; lastKnownFileType = sourcecode.swift; path = AppDelegate.swift; sourceTree = "<group>"; };
		04F9F41721EF6A240095F8B3 /* ViewController.swift */ = {isa = PBXFileReference; lastKnownFileType = sourcecode.swift; path = ViewController.swift; sourceTree = "<group>"; };
		04F9F41A21EF6A240095F8B3 /* Base */ = {isa = PBXFileReference; lastKnownFileType = file.storyboard; name = Base; path = Base.lproj/Main.storyboard; sourceTree = "<group>"; };
		04F9F41C21EF6A250095F8B3 /* Assets.xcassets */ = {isa = PBXFileReference; lastKnownFileType = folder.assetcatalog; path = Assets.xcassets; sourceTree = "<group>"; };
		04F9F41F21EF6A250095F8B3 /* Base */ = {isa = PBXFileReference; lastKnownFileType = file.storyboard; name = Base; path = Base.lproj/LaunchScreen.storyboard; sourceTree = "<group>"; };
		04F9F42121EF6A250095F8B3 /* Info.plist */ = {isa = PBXFileReference; lastKnownFileType = text.plist.xml; path = Info.plist; sourceTree = "<group>"; };
		04F9F42621EF6A250095F8B3 /* RxSwiftSampleAppTests.xctest */ = {isa = PBXFileReference; explicitFileType = wrapper.cfbundle; includeInIndex = 0; path = RxSwiftSampleAppTests.xctest; sourceTree = BUILT_PRODUCTS_DIR; };
		04F9F42A21EF6A250095F8B3 /* RxSwiftSampleAppTests.swift */ = {isa = PBXFileReference; lastKnownFileType = sourcecode.swift; path = RxSwiftSampleAppTests.swift; sourceTree = "<group>"; };
		04F9F42C21EF6A250095F8B3 /* Info.plist */ = {isa = PBXFileReference; lastKnownFileType = text.plist.xml; path = Info.plist; sourceTree = "<group>"; };
		04F9F43121EF6A250095F8B3 /* RxSwiftSampleAppUITests.xctest */ = {isa = PBXFileReference; explicitFileType = wrapper.cfbundle; includeInIndex = 0; path = RxSwiftSampleAppUITests.xctest; sourceTree = BUILT_PRODUCTS_DIR; };
		04F9F43521EF6A250095F8B3 /* RxSwiftSampleAppUITests.swift */ = {isa = PBXFileReference; lastKnownFileType = sourcecode.swift; path = RxSwiftSampleAppUITests.swift; sourceTree = "<group>"; };
		04F9F43721EF6A250095F8B3 /* Info.plist */ = {isa = PBXFileReference; lastKnownFileType = text.plist.xml; path = Info.plist; sourceTree = "<group>"; };
		5B9443BE78E9B796D8BFE1F0 /* Pods-RxSwiftSampleApp.debug.xcconfig */ = {isa = PBXFileReference; includeInIndex = 1; lastKnownFileType = text.xcconfig; name = "Pods-RxSwiftSampleApp.debug.xcconfig"; path = "Pods/Target Support Files/Pods-RxSwiftSampleApp/Pods-RxSwiftSampleApp.debug.xcconfig"; sourceTree = "<group>"; };
		5CA57B285925ADFD1C1218B6 /* Pods-RxSwiftSampleAppTests.debug.xcconfig */ = {isa = PBXFileReference; includeInIndex = 1; lastKnownFileType = text.xcconfig; name = "Pods-RxSwiftSampleAppTests.debug.xcconfig"; path = "Pods/Target Support Files/Pods-RxSwiftSampleAppTests/Pods-RxSwiftSampleAppTests.debug.xcconfig"; sourceTree = "<group>"; };
		633F533F3DD9793A39F3A3FC /* Pods_RxSwiftSampleAppUITests.framework */ = {isa = PBXFileReference; explicitFileType = wrapper.framework; includeInIndex = 0; path = Pods_RxSwiftSampleAppUITests.framework; sourceTree = BUILT_PRODUCTS_DIR; };
		6491F0AB6DE567E7F3A21873 /* Pods-RxSwiftSampleAppTests.release.xcconfig */ = {isa = PBXFileReference; includeInIndex = 1; lastKnownFileType = text.xcconfig; name = "Pods-RxSwiftSampleAppTests.release.xcconfig"; path = "Pods/Target Support Files/Pods-RxSwiftSampleAppTests/Pods-RxSwiftSampleAppTests.release.xcconfig"; sourceTree = "<group>"; };
		67C44FAD0F513DDDF26C193B /* Pods-RxSwiftSampleApp.release.xcconfig */ = {isa = PBXFileReference; includeInIndex = 1; lastKnownFileType = text.xcconfig; name = "Pods-RxSwiftSampleApp.release.xcconfig"; path = "Pods/Target Support Files/Pods-RxSwiftSampleApp/Pods-RxSwiftSampleApp.release.xcconfig"; sourceTree = "<group>"; };
		68039E4E80CAE33A870883CE /* Pods-RxSwiftSampleAppUITests.release.xcconfig */ = {isa = PBXFileReference; includeInIndex = 1; lastKnownFileType = text.xcconfig; name = "Pods-RxSwiftSampleAppUITests.release.xcconfig"; path = "Pods/Target Support Files/Pods-RxSwiftSampleAppUITests/Pods-RxSwiftSampleAppUITests.release.xcconfig"; sourceTree = "<group>"; };
		A87E25A2138F6B52F1E892D1 /* Pods_RxSwiftSampleApp.framework */ = {isa = PBXFileReference; explicitFileType = wrapper.framework; includeInIndex = 0; path = Pods_RxSwiftSampleApp.framework; sourceTree = BUILT_PRODUCTS_DIR; };
		B3C4C137349AF48D50A23233 /* Pods-RxSwiftSampleAppUITests.debug.xcconfig */ = {isa = PBXFileReference; includeInIndex = 1; lastKnownFileType = text.xcconfig; name = "Pods-RxSwiftSampleAppUITests.debug.xcconfig"; path = "Pods/Target Support Files/Pods-RxSwiftSampleAppUITests/Pods-RxSwiftSampleAppUITests.debug.xcconfig"; sourceTree = "<group>"; };
		CA90ECD790D06050887F4B9C /* Pods_RxSwiftSampleAppTests.framework */ = {isa = PBXFileReference; explicitFileType = wrapper.framework; includeInIndex = 0; path = Pods_RxSwiftSampleAppTests.framework; sourceTree = BUILT_PRODUCTS_DIR; };
/* End PBXFileReference section */

/* Begin PBXFrameworksBuildPhase section */
		04F9F40F21EF6A240095F8B3 /* Frameworks */ = {
			isa = PBXFrameworksBuildPhase;
			buildActionMask = 2147483647;
			files = (
				4110A3338F44E844ADE51BF2 /* Pods_RxSwiftSampleApp.framework in Frameworks */,
			);
			runOnlyForDeploymentPostprocessing = 0;
		};
		04F9F42321EF6A250095F8B3 /* Frameworks */ = {
			isa = PBXFrameworksBuildPhase;
			buildActionMask = 2147483647;
			files = (
				853FE6082E37D1D51BE9E3FB /* Pods_RxSwiftSampleAppTests.framework in Frameworks */,
			);
			runOnlyForDeploymentPostprocessing = 0;
		};
		04F9F42E21EF6A250095F8B3 /* Frameworks */ = {
			isa = PBXFrameworksBuildPhase;
			buildActionMask = 2147483647;
			files = (
				3A611FE3144C696DFDF48CF1 /* Pods_RxSwiftSampleAppUITests.framework in Frameworks */,
			);
			runOnlyForDeploymentPostprocessing = 0;
		};
/* End PBXFrameworksBuildPhase section */

/* Begin PBXGroup section */
		04F9F40921EF6A240095F8B3 = {
			isa = PBXGroup;
			children = (
				04F9F41421EF6A240095F8B3 /* RxSwiftSampleApp */,
				04F9F42921EF6A250095F8B3 /* RxSwiftSampleAppTests */,
				04F9F43421EF6A250095F8B3 /* RxSwiftSampleAppUITests */,
				04F9F41321EF6A240095F8B3 /* Products */,
				1C4B2B8CFD71AE42822C61DA /* Pods */,
				EEA2A65F4A7EF12D6F2989BC /* Frameworks */,
			);
			sourceTree = "<group>";
		};
		04F9F41321EF6A240095F8B3 /* Products */ = {
			isa = PBXGroup;
			children = (
				04F9F41221EF6A240095F8B3 /* RxSwiftSampleApp.app */,
				04F9F42621EF6A250095F8B3 /* RxSwiftSampleAppTests.xctest */,
				04F9F43121EF6A250095F8B3 /* RxSwiftSampleAppUITests.xctest */,
			);
			name = Products;
			sourceTree = "<group>";
		};
		04F9F41421EF6A240095F8B3 /* RxSwiftSampleApp */ = {
			isa = PBXGroup;
			children = (
				04F9F41521EF6A240095F8B3 /* AppDelegate.swift */,
				04F9F41721EF6A240095F8B3 /* ViewController.swift */,
				0433485821EF6D330068B545 /* Person.swift */,
				04F9F41921EF6A240095F8B3 /* Main.storyboard */,
				0433485621EF6B7C0068B545 /* NamesCell.swift */,
				04F9F41C21EF6A250095F8B3 /* Assets.xcassets */,
				04F9F41E21EF6A250095F8B3 /* LaunchScreen.storyboard */,
				04F9F42121EF6A250095F8B3 /* Info.plist */,
			);
			path = RxSwiftSampleApp;
			sourceTree = "<group>";
		};
		04F9F42921EF6A250095F8B3 /* RxSwiftSampleAppTests */ = {
			isa = PBXGroup;
			children = (
				04F9F42A21EF6A250095F8B3 /* RxSwiftSampleAppTests.swift */,
				04F9F42C21EF6A250095F8B3 /* Info.plist */,
			);
			path = RxSwiftSampleAppTests;
			sourceTree = "<group>";
		};
		04F9F43421EF6A250095F8B3 /* RxSwiftSampleAppUITests */ = {
			isa = PBXGroup;
			children = (
				04F9F43521EF6A250095F8B3 /* RxSwiftSampleAppUITests.swift */,
				04F9F43721EF6A250095F8B3 /* Info.plist */,
			);
			path = RxSwiftSampleAppUITests;
			sourceTree = "<group>";
		};
		1C4B2B8CFD71AE42822C61DA /* Pods */ = {
			isa = PBXGroup;
			children = (
				5B9443BE78E9B796D8BFE1F0 /* Pods-RxSwiftSampleApp.debug.xcconfig */,
				67C44FAD0F513DDDF26C193B /* Pods-RxSwiftSampleApp.release.xcconfig */,
				5CA57B285925ADFD1C1218B6 /* Pods-RxSwiftSampleAppTests.debug.xcconfig */,
				6491F0AB6DE567E7F3A21873 /* Pods-RxSwiftSampleAppTests.release.xcconfig */,
				B3C4C137349AF48D50A23233 /* Pods-RxSwiftSampleAppUITests.debug.xcconfig */,
				68039E4E80CAE33A870883CE /* Pods-RxSwiftSampleAppUITests.release.xcconfig */,
			);
			name = Pods;
			sourceTree = "<group>";
		};
		EEA2A65F4A7EF12D6F2989BC /* Frameworks */ = {
			isa = PBXGroup;
			children = (
				A87E25A2138F6B52F1E892D1 /* Pods_RxSwiftSampleApp.framework */,
				CA90ECD790D06050887F4B9C /* Pods_RxSwiftSampleAppTests.framework */,
				633F533F3DD9793A39F3A3FC /* Pods_RxSwiftSampleAppUITests.framework */,
			);
			name = Frameworks;
			sourceTree = "<group>";
		};
/* End PBXGroup section */

/* Begin PBXNativeTarget section */
		04F9F41121EF6A240095F8B3 /* RxSwiftSampleApp */ = {
			isa = PBXNativeTarget;
			buildConfigurationList = 04F9F43A21EF6A250095F8B3 /* Build configuration list for PBXNativeTarget "RxSwiftSampleApp" */;
			buildPhases = (
				CCA35A5DB8943F300184177A /* [CP] Check Pods Manifest.lock */,
				04F9F40E21EF6A240095F8B3 /* Sources */,
				04F9F40F21EF6A240095F8B3 /* Frameworks */,
				04F9F41021EF6A240095F8B3 /* Resources */,
				0306D42EFAD08DF3BE79A5DA /* [CP] Embed Pods Frameworks */,
			);
			buildRules = (
			);
			dependencies = (
			);
			name = RxSwiftSampleApp;
			productName = RxSwiftSampleApp;
			productReference = 04F9F41221EF6A240095F8B3 /* RxSwiftSampleApp.app */;
			productType = "com.apple.product-type.application";
		};
		04F9F42521EF6A250095F8B3 /* RxSwiftSampleAppTests */ = {
			isa = PBXNativeTarget;
			buildConfigurationList = 04F9F43D21EF6A250095F8B3 /* Build configuration list for PBXNativeTarget "RxSwiftSampleAppTests" */;
			buildPhases = (
				8E142021B7AE3FFC54D10FD4 /* [CP] Check Pods Manifest.lock */,
				04F9F42221EF6A250095F8B3 /* Sources */,
				04F9F42321EF6A250095F8B3 /* Frameworks */,
				04F9F42421EF6A250095F8B3 /* Resources */,
			);
			buildRules = (
			);
			dependencies = (
				04F9F42821EF6A250095F8B3 /* PBXTargetDependency */,
			);
			name = RxSwiftSampleAppTests;
			productName = RxSwiftSampleAppTests;
			productReference = 04F9F42621EF6A250095F8B3 /* RxSwiftSampleAppTests.xctest */;
			productType = "com.apple.product-type.bundle.unit-test";
		};
		04F9F43021EF6A250095F8B3 /* RxSwiftSampleAppUITests */ = {
			isa = PBXNativeTarget;
			buildConfigurationList = 04F9F44021EF6A250095F8B3 /* Build configuration list for PBXNativeTarget "RxSwiftSampleAppUITests" */;
			buildPhases = (
				AD25CACB46616530CE465907 /* [CP] Check Pods Manifest.lock */,
				04F9F42D21EF6A250095F8B3 /* Sources */,
				04F9F42E21EF6A250095F8B3 /* Frameworks */,
				04F9F42F21EF6A250095F8B3 /* Resources */,
			);
			buildRules = (
			);
			dependencies = (
				04F9F43321EF6A250095F8B3 /* PBXTargetDependency */,
			);
			name = RxSwiftSampleAppUITests;
			productName = RxSwiftSampleAppUITests;
			productReference = 04F9F43121EF6A250095F8B3 /* RxSwiftSampleAppUITests.xctest */;
			productType = "com.apple.product-type.bundle.ui-testing";
		};
/* End PBXNativeTarget section */

/* Begin PBXProject section */
		04F9F40A21EF6A240095F8B3 /* Project object */ = {
			isa = PBXProject;
			attributes = {
				LastSwiftUpdateCheck = 0940;
				LastUpgradeCheck = 0940;
				ORGANIZATIONNAME = mac;
				TargetAttributes = {
					04F9F41121EF6A240095F8B3 = {
						CreatedOnToolsVersion = 9.4.1;
					};
					04F9F42521EF6A250095F8B3 = {
						CreatedOnToolsVersion = 9.4.1;
						TestTargetID = 04F9F41121EF6A240095F8B3;
					};
					04F9F43021EF6A250095F8B3 = {
						CreatedOnToolsVersion = 9.4.1;
						TestTargetID = 04F9F41121EF6A240095F8B3;
					};
				};
			};
			buildConfigurationList = 04F9F40D21EF6A240095F8B3 /* Build configuration list for PBXProject "RxSwiftSampleApp" */;
			compatibilityVersion = "Xcode 9.3";
			developmentRegion = en;
			hasScannedForEncodings = 0;
			knownRegions = (
				en,
				Base,
			);
			mainGroup = 04F9F40921EF6A240095F8B3;
			productRefGroup = 04F9F41321EF6A240095F8B3 /* Products */;
			projectDirPath = "";
			projectRoot = "";
			targets = (
				04F9F41121EF6A240095F8B3 /* RxSwiftSampleApp */,
				04F9F42521EF6A250095F8B3 /* RxSwiftSampleAppTests */,
				04F9F43021EF6A250095F8B3 /* RxSwiftSampleAppUITests */,
			);
		};
/* End PBXProject section */

/* Begin PBXResourcesBuildPhase section */
		04F9F41021EF6A240095F8B3 /* Resources */ = {
			isa = PBXResourcesBuildPhase;
			buildActionMask = 2147483647;
			files = (
				04F9F42021EF6A250095F8B3 /* LaunchScreen.storyboard in Resources */,
				04F9F41D21EF6A250095F8B3 /* Assets.xcassets in Resources */,
				04F9F41B21EF6A240095F8B3 /* Main.storyboard in Resources */,
			);
			runOnlyForDeploymentPostprocessing = 0;
		};
		04F9F42421EF6A250095F8B3 /* Resources */ = {
			isa = PBXResourcesBuildPhase;
			buildActionMask = 2147483647;
			files = (
			);
			runOnlyForDeploymentPostprocessing = 0;
		};
		04F9F42F21EF6A250095F8B3 /* Resources */ = {
			isa = PBXResourcesBuildPhase;
			buildActionMask = 2147483647;
			files = (
			);
			runOnlyForDeploymentPostprocessing = 0;
		};
/* End PBXResourcesBuildPhase section */

/* Begin PBXShellScriptBuildPhase section */
		0306D42EFAD08DF3BE79A5DA /* [CP] Embed Pods Frameworks */ = {
			isa = PBXShellScriptBuildPhase;
			buildActionMask = 2147483647;
			files = (
			);
			inputPaths = (
				"${SRCROOT}/Pods/Target Support Files/Pods-RxSwiftSampleApp/Pods-RxSwiftSampleApp-frameworks.sh",
				"${BUILT_PRODUCTS_DIR}/RxAtomic/RxAtomic.framework",
				"${BUILT_PRODUCTS_DIR}/RxCocoa/RxCocoa.framework",
				"${BUILT_PRODUCTS_DIR}/RxSwift/RxSwift.framework",
			);
			name = "[CP] Embed Pods Frameworks";
			outputPaths = (
				"${TARGET_BUILD_DIR}/${FRAMEWORKS_FOLDER_PATH}/RxAtomic.framework",
				"${TARGET_BUILD_DIR}/${FRAMEWORKS_FOLDER_PATH}/RxCocoa.framework",
				"${TARGET_BUILD_DIR}/${FRAMEWORKS_FOLDER_PATH}/RxSwift.framework",
			);
			runOnlyForDeploymentPostprocessing = 0;
			shellPath = /bin/sh;
			shellScript = "\"${SRCROOT}/Pods/Target Support Files/Pods-RxSwiftSampleApp/Pods-RxSwiftSampleApp-frameworks.sh\"\n";
			showEnvVarsInLog = 0;
		};
		8E142021B7AE3FFC54D10FD4 /* [CP] Check Pods Manifest.lock */ = {
			isa = PBXShellScriptBuildPhase;
			buildActionMask = 2147483647;
			files = (
			);
			inputPaths = (
				"${PODS_PODFILE_DIR_PATH}/Podfile.lock",
				"${PODS_ROOT}/Manifest.lock",
			);
			name = "[CP] Check Pods Manifest.lock";
			outputPaths = (
				"$(DERIVED_FILE_DIR)/Pods-RxSwiftSampleAppTests-checkManifestLockResult.txt",
			);
			runOnlyForDeploymentPostprocessing = 0;
			shellPath = /bin/sh;
			shellScript = "diff \"${PODS_PODFILE_DIR_PATH}/Podfile.lock\" \"${PODS_ROOT}/Manifest.lock\" > /dev/null\nif [ $? != 0 ] ; then\n    # print error to STDERR\n    echo \"error: The sandbox is not in sync with the Podfile.lock. Run 'pod install' or update your CocoaPods installation.\" >&2\n    exit 1\nfi\n# This output is used by Xcode 'outputs' to avoid re-running this script phase.\necho \"SUCCESS\" > \"${SCRIPT_OUTPUT_FILE_0}\"\n";
			showEnvVarsInLog = 0;
		};
		AD25CACB46616530CE465907 /* [CP] Check Pods Manifest.lock */ = {
			isa = PBXShellScriptBuildPhase;
			buildActionMask = 2147483647;
			files = (
			);
			inputPaths = (
				"${PODS_PODFILE_DIR_PATH}/Podfile.lock",
				"${PODS_ROOT}/Manifest.lock",
			);
			name = "[CP] Check Pods Manifest.lock";
			outputPaths = (
				"$(DERIVED_FILE_DIR)/Pods-RxSwiftSampleAppUITests-checkManifestLockResult.txt",
			);
			runOnlyForDeploymentPostprocessing = 0;
			shellPath = /bin/sh;
			shellScript = "diff \"${PODS_PODFILE_DIR_PATH}/Podfile.lock\" \"${PODS_ROOT}/Manifest.lock\" > /dev/null\nif [ $? != 0 ] ; then\n    # print error to STDERR\n    echo \"error: The sandbox is not in sync with the Podfile.lock. Run 'pod install' or update your CocoaPods installation.\" >&2\n    exit 1\nfi\n# This output is used by Xcode 'outputs' to avoid re-running this script phase.\necho \"SUCCESS\" > \"${SCRIPT_OUTPUT_FILE_0}\"\n";
			showEnvVarsInLog = 0;
		};
		CCA35A5DB8943F300184177A /* [CP] Check Pods Manifest.lock */ = {
			isa = PBXShellScriptBuildPhase;
			buildActionMask = 2147483647;
			files = (
			);
			inputPaths = (
				"${PODS_PODFILE_DIR_PATH}/Podfile.lock",
				"${PODS_ROOT}/Manifest.lock",
			);
			name = "[CP] Check Pods Manifest.lock";
			outputPaths = (
				"$(DERIVED_FILE_DIR)/Pods-RxSwiftSampleApp-checkManifestLockResult.txt",
			);
			runOnlyForDeploymentPostprocessing = 0;
			shellPath = /bin/sh;
			shellScript = "diff \"${PODS_PODFILE_DIR_PATH}/Podfile.lock\" \"${PODS_ROOT}/Manifest.lock\" > /dev/null\nif [ $? != 0 ] ; then\n    # print error to STDERR\n    echo \"error: The sandbox is not in sync with the Podfile.lock. Run 'pod install' or update your CocoaPods installation.\" >&2\n    exit 1\nfi\n# This output is used by Xcode 'outputs' to avoid re-running this script phase.\necho \"SUCCESS\" > \"${SCRIPT_OUTPUT_FILE_0}\"\n";
			showEnvVarsInLog = 0;
		};
/* End PBXShellScriptBuildPhase section */

/* Begin PBXSourcesBuildPhase section */
		04F9F40E21EF6A240095F8B3 /* Sources */ = {
			isa = PBXSourcesBuildPhase;
			buildActionMask = 2147483647;
			files = (
				04F9F41821EF6A240095F8B3 /* ViewController.swift in Sources */,
				04F9F41621EF6A240095F8B3 /* AppDelegate.swift in Sources */,
				0433485921EF6D330068B545 /* Person.swift in Sources */,
				0433485721EF6B7C0068B545 /* NamesCell.swift in Sources */,
			);
			runOnlyForDeploymentPostprocessing = 0;
		};
		04F9F42221EF6A250095F8B3 /* Sources */ = {
			isa = PBXSourcesBuildPhase;
			buildActionMask = 2147483647;
			files = (
				04F9F42B21EF6A250095F8B3 /* RxSwiftSampleAppTests.swift in Sources */,
			);
			runOnlyForDeploymentPostprocessing = 0;
		};
		04F9F42D21EF6A250095F8B3 /* Sources */ = {
			isa = PBXSourcesBuildPhase;
			buildActionMask = 2147483647;
			files = (
				04F9F43621EF6A250095F8B3 /* RxSwiftSampleAppUITests.swift in Sources */,
			);
			runOnlyForDeploymentPostprocessing = 0;
		};
/* End PBXSourcesBuildPhase section */

/* Begin PBXTargetDependency section */
		04F9F42821EF6A250095F8B3 /* PBXTargetDependency */ = {
			isa = PBXTargetDependency;
			target = 04F9F41121EF6A240095F8B3 /* RxSwiftSampleApp */;
			targetProxy = 04F9F42721EF6A250095F8B3 /* PBXContainerItemProxy */;
		};
		04F9F43321EF6A250095F8B3 /* PBXTargetDependency */ = {
			isa = PBXTargetDependency;
			target = 04F9F41121EF6A240095F8B3 /* RxSwiftSampleApp */;
			targetProxy = 04F9F43221EF6A250095F8B3 /* PBXContainerItemProxy */;
		};
/* End PBXTargetDependency section */

/* Begin PBXVariantGroup section */
		04F9F41921EF6A240095F8B3 /* Main.storyboard */ = {
			isa = PBXVariantGroup;
			children = (
				04F9F41A21EF6A240095F8B3 /* Base */,
			);
			name = Main.storyboard;
			sourceTree = "<group>";
		};
		04F9F41E21EF6A250095F8B3 /* LaunchScreen.storyboard */ = {
			isa = PBXVariantGroup;
			children = (
				04F9F41F21EF6A250095F8B3 /* Base */,
			);
			name = LaunchScreen.storyboard;
			sourceTree = "<group>";
		};
/* End PBXVariantGroup section */

/* Begin XCBuildConfiguration section */
		04F9F43821EF6A250095F8B3 /* Debug */ = {
			isa = XCBuildConfiguration;
			buildSettings = {
				ALWAYS_SEARCH_USER_PATHS = NO;
				CLANG_ANALYZER_NONNULL = YES;
				CLANG_ANALYZER_NUMBER_OBJECT_CONVERSION = YES_AGGRESSIVE;
				CLANG_CXX_LANGUAGE_STANDARD = "gnu++14";
				CLANG_CXX_LIBRARY = "libc++";
				CLANG_ENABLE_MODULES = YES;
				CLANG_ENABLE_OBJC_ARC = YES;
				CLANG_ENABLE_OBJC_WEAK = YES;
				CLANG_WARN_BLOCK_CAPTURE_AUTORELEASING = YES;
				CLANG_WARN_BOOL_CONVERSION = YES;
				CLANG_WARN_COMMA = YES;
				CLANG_WARN_CONSTANT_CONVERSION = YES;
				CLANG_WARN_DEPRECATED_OBJC_IMPLEMENTATIONS = YES;
				CLANG_WARN_DIRECT_OBJC_ISA_USAGE = YES_ERROR;
				CLANG_WARN_DOCUMENTATION_COMMENTS = YES;
				CLANG_WARN_EMPTY_BODY = YES;
				CLANG_WARN_ENUM_CONVERSION = YES;
				CLANG_WARN_INFINITE_RECURSION = YES;
				CLANG_WARN_INT_CONVERSION = YES;
				CLANG_WARN_NON_LITERAL_NULL_CONVERSION = YES;
				CLANG_WARN_OBJC_IMPLICIT_RETAIN_SELF = YES;
				CLANG_WARN_OBJC_LITERAL_CONVERSION = YES;
				CLANG_WARN_OBJC_ROOT_CLASS = YES_ERROR;
				CLANG_WARN_RANGE_LOOP_ANALYSIS = YES;
				CLANG_WARN_STRICT_PROTOTYPES = YES;
				CLANG_WARN_SUSPICIOUS_MOVE = YES;
				CLANG_WARN_UNGUARDED_AVAILABILITY = YES_AGGRESSIVE;
				CLANG_WARN_UNREACHABLE_CODE = YES;
				CLANG_WARN__DUPLICATE_METHOD_MATCH = YES;
				CODE_SIGN_IDENTITY = "iPhone Developer";
				COPY_PHASE_STRIP = NO;
				DEBUG_INFORMATION_FORMAT = dwarf;
				ENABLE_STRICT_OBJC_MSGSEND = YES;
				ENABLE_TESTABILITY = YES;
				GCC_C_LANGUAGE_STANDARD = gnu11;
				GCC_DYNAMIC_NO_PIC = NO;
				GCC_NO_COMMON_BLOCKS = YES;
				GCC_OPTIMIZATION_LEVEL = 0;
				GCC_PREPROCESSOR_DEFINITIONS = (
					"DEBUG=1",
					"$(inherited)",
				);
				GCC_WARN_64_TO_32_BIT_CONVERSION = YES;
				GCC_WARN_ABOUT_RETURN_TYPE = YES_ERROR;
				GCC_WARN_UNDECLARED_SELECTOR = YES;
				GCC_WARN_UNINITIALIZED_AUTOS = YES_AGGRESSIVE;
				GCC_WARN_UNUSED_FUNCTION = YES;
				GCC_WARN_UNUSED_VARIABLE = YES;
				IPHONEOS_DEPLOYMENT_TARGET = 11.4;
				MTL_ENABLE_DEBUG_INFO = YES;
				ONLY_ACTIVE_ARCH = YES;
				SDKROOT = iphoneos;
				SWIFT_ACTIVE_COMPILATION_CONDITIONS = DEBUG;
				SWIFT_OPTIMIZATION_LEVEL = "-Onone";
			};
			name = Debug;
		};
		04F9F43921EF6A250095F8B3 /* Release */ = {
			isa = XCBuildConfiguration;
			buildSettings = {
				ALWAYS_SEARCH_USER_PATHS = NO;
				CLANG_ANALYZER_NONNULL = YES;
				CLANG_ANALYZER_NUMBER_OBJECT_CONVERSION = YES_AGGRESSIVE;
				CLANG_CXX_LANGUAGE_STANDARD = "gnu++14";
				CLANG_CXX_LIBRARY = "libc++";
				CLANG_ENABLE_MODULES = YES;
				CLANG_ENABLE_OBJC_ARC = YES;
				CLANG_ENABLE_OBJC_WEAK = YES;
				CLANG_WARN_BLOCK_CAPTURE_AUTORELEASING = YES;
				CLANG_WARN_BOOL_CONVERSION = YES;
				CLANG_WARN_COMMA = YES;
				CLANG_WARN_CONSTANT_CONVERSION = YES;
				CLANG_WARN_DEPRECATED_OBJC_IMPLEMENTATIONS = YES;
				CLANG_WARN_DIRECT_OBJC_ISA_USAGE = YES_ERROR;
				CLANG_WARN_DOCUMENTATION_COMMENTS = YES;
				CLANG_WARN_EMPTY_BODY = YES;
				CLANG_WARN_ENUM_CONVERSION = YES;
				CLANG_WARN_INFINITE_RECURSION = YES;
				CLANG_WARN_INT_CONVERSION = YES;
				CLANG_WARN_NON_LITERAL_NULL_CONVERSION = YES;
				CLANG_WARN_OBJC_IMPLICIT_RETAIN_SELF = YES;
				CLANG_WARN_OBJC_LITERAL_CONVERSION = YES;
				CLANG_WARN_OBJC_ROOT_CLASS = YES_ERROR;
				CLANG_WARN_RANGE_LOOP_ANALYSIS = YES;
				CLANG_WARN_STRICT_PROTOTYPES = YES;
				CLANG_WARN_SUSPICIOUS_MOVE = YES;
				CLANG_WARN_UNGUARDED_AVAILABILITY = YES_AGGRESSIVE;
				CLANG_WARN_UNREACHABLE_CODE = YES;
				CLANG_WARN__DUPLICATE_METHOD_MATCH = YES;
				CODE_SIGN_IDENTITY = "iPhone Developer";
				COPY_PHASE_STRIP = NO;
				DEBUG_INFORMATION_FORMAT = "dwarf-with-dsym";
				ENABLE_NS_ASSERTIONS = NO;
				ENABLE_STRICT_OBJC_MSGSEND = YES;
				GCC_C_LANGUAGE_STANDARD = gnu11;
				GCC_NO_COMMON_BLOCKS = YES;
				GCC_WARN_64_TO_32_BIT_CONVERSION = YES;
				GCC_WARN_ABOUT_RETURN_TYPE = YES_ERROR;
				GCC_WARN_UNDECLARED_SELECTOR = YES;
				GCC_WARN_UNINITIALIZED_AUTOS = YES_AGGRESSIVE;
				GCC_WARN_UNUSED_FUNCTION = YES;
				GCC_WARN_UNUSED_VARIABLE = YES;
				IPHONEOS_DEPLOYMENT_TARGET = 11.4;
				MTL_ENABLE_DEBUG_INFO = NO;
				SDKROOT = iphoneos;
				SWIFT_COMPILATION_MODE = wholemodule;
				SWIFT_OPTIMIZATION_LEVEL = "-O";
				VALIDATE_PRODUCT = YES;
			};
			name = Release;
		};
		04F9F43B21EF6A250095F8B3 /* Debug */ = {
			isa = XCBuildConfiguration;
			baseConfigurationReference = 5B9443BE78E9B796D8BFE1F0 /* Pods-RxSwiftSampleApp.debug.xcconfig */;
			buildSettings = {
				ASSETCATALOG_COMPILER_APPICON_NAME = AppIcon;
				CODE_SIGN_STYLE = Automatic;
				DEVELOPMENT_TEAM = F92WBSNLJ3;
				INFOPLIST_FILE = RxSwiftSampleApp/Info.plist;
				LD_RUNPATH_SEARCH_PATHS = (
					"$(inherited)",
					"@executable_path/Frameworks",
				);
				PRODUCT_BUNDLE_IDENTIFIER = com.invision.EliteDuelsDemo.RxSwiftSampleApp;
				PRODUCT_NAME = "$(TARGET_NAME)";
				SWIFT_VERSION = 4.0;
				TARGETED_DEVICE_FAMILY = "1,2";
			};
			name = Debug;
		};
		04F9F43C21EF6A250095F8B3 /* Release */ = {
			isa = XCBuildConfiguration;
			baseConfigurationReference = 67C44FAD0F513DDDF26C193B /* Pods-RxSwiftSampleApp.release.xcconfig */;
			buildSettings = {
				ASSETCATALOG_COMPILER_APPICON_NAME = AppIcon;
				CODE_SIGN_STYLE = Automatic;
				DEVELOPMENT_TEAM = F92WBSNLJ3;
				INFOPLIST_FILE = RxSwiftSampleApp/Info.plist;
				LD_RUNPATH_SEARCH_PATHS = (
					"$(inherited)",
					"@executable_path/Frameworks",
				);
				PRODUCT_BUNDLE_IDENTIFIER = com.invision.EliteDuelsDemo.RxSwiftSampleApp;
				PRODUCT_NAME = "$(TARGET_NAME)";
				SWIFT_VERSION = 4.0;
				TARGETED_DEVICE_FAMILY = "1,2";
			};
			name = Release;
		};
		04F9F43E21EF6A250095F8B3 /* Debug */ = {
			isa = XCBuildConfiguration;
			baseConfigurationReference = 5CA57B285925ADFD1C1218B6 /* Pods-RxSwiftSampleAppTests.debug.xcconfig */;
			buildSettings = {
				ALWAYS_EMBED_SWIFT_STANDARD_LIBRARIES = YES;
				BUNDLE_LOADER = "$(TEST_HOST)";
				CODE_SIGN_STYLE = Automatic;
				DEVELOPMENT_TEAM = F92WBSNLJ3;
				INFOPLIST_FILE = RxSwiftSampleAppTests/Info.plist;
				LD_RUNPATH_SEARCH_PATHS = (
					"$(inherited)",
					"@executable_path/Frameworks",
					"@loader_path/Frameworks",
				);
				PRODUCT_BUNDLE_IDENTIFIER = com.invision.EliteDuelsDemo.RxSwiftSampleAppTests;
				PRODUCT_NAME = "$(TARGET_NAME)";
				SWIFT_VERSION = 4.0;
				TARGETED_DEVICE_FAMILY = "1,2";
				TEST_HOST = "$(BUILT_PRODUCTS_DIR)/RxSwiftSampleApp.app/RxSwiftSampleApp";
			};
			name = Debug;
		};
		04F9F43F21EF6A250095F8B3 /* Release */ = {
			isa = XCBuildConfiguration;
			baseConfigurationReference = 6491F0AB6DE567E7F3A21873 /* Pods-RxSwiftSampleAppTests.release.xcconfig */;
			buildSettings = {
				ALWAYS_EMBED_SWIFT_STANDARD_LIBRARIES = YES;
				BUNDLE_LOADER = "$(TEST_HOST)";
				CODE_SIGN_STYLE = Automatic;
				DEVELOPMENT_TEAM = F92WBSNLJ3;
				INFOPLIST_FILE = RxSwiftSampleAppTests/Info.plist;
				LD_RUNPATH_SEARCH_PATHS = (
					"$(inherited)",
					"@executable_path/Frameworks",
					"@loader_path/Frameworks",
				);
				PRODUCT_BUNDLE_IDENTIFIER = com.invision.EliteDuelsDemo.RxSwiftSampleAppTests;
				PRODUCT_NAME = "$(TARGET_NAME)";
				SWIFT_VERSION = 4.0;
				TARGETED_DEVICE_FAMILY = "1,2";
				TEST_HOST = "$(BUILT_PRODUCTS_DIR)/RxSwiftSampleApp.app/RxSwiftSampleApp";
			};
			name = Release;
		};
		04F9F44121EF6A250095F8B3 /* Debug */ = {
			isa = XCBuildConfiguration;
			baseConfigurationReference = B3C4C137349AF48D50A23233 /* Pods-RxSwiftSampleAppUITests.debug.xcconfig */;
			buildSettings = {
				ALWAYS_EMBED_SWIFT_STANDARD_LIBRARIES = YES;
				CODE_SIGN_STYLE = Automatic;
				DEVELOPMENT_TEAM = F92WBSNLJ3;
				INFOPLIST_FILE = RxSwiftSampleAppUITests/Info.plist;
				LD_RUNPATH_SEARCH_PATHS = (
					"$(inherited)",
					"@executable_path/Frameworks",
					"@loader_path/Frameworks",
				);
				PRODUCT_BUNDLE_IDENTIFIER = com.invision.EliteDuelsDemo.RxSwiftSampleAppUITests;
				PRODUCT_NAME = "$(TARGET_NAME)";
				SWIFT_VERSION = 4.0;
				TARGETED_DEVICE_FAMILY = "1,2";
				TEST_TARGET_NAME = RxSwiftSampleApp;
			};
			name = Debug;
		};
		04F9F44221EF6A250095F8B3 /* Release */ = {
			isa = XCBuildConfiguration;
			baseConfigurationReference = 68039E4E80CAE33A870883CE /* Pods-RxSwiftSampleAppUITests.release.xcconfig */;
			buildSettings = {
				ALWAYS_EMBED_SWIFT_STANDARD_LIBRARIES = YES;
				CODE_SIGN_STYLE = Automatic;
				DEVELOPMENT_TEAM = F92WBSNLJ3;
				INFOPLIST_FILE = RxSwiftSampleAppUITests/Info.plist;
				LD_RUNPATH_SEARCH_PATHS = (
					"$(inherited)",
					"@executable_path/Frameworks",
					"@loader_path/Frameworks",
				);
				PRODUCT_BUNDLE_IDENTIFIER = com.invision.EliteDuelsDemo.RxSwiftSampleAppUITests;
				PRODUCT_NAME = "$(TARGET_NAME)";
				SWIFT_VERSION = 4.0;
				TARGETED_DEVICE_FAMILY = "1,2";
				TEST_TARGET_NAME = RxSwiftSampleApp;
			};
			name = Release;
		};
/* End XCBuildConfiguration section */

/* Begin XCConfigurationList section */
		04F9F40D21EF6A240095F8B3 /* Build configuration list for PBXProject "RxSwiftSampleApp" */ = {
			isa = XCConfigurationList;
			buildConfigurations = (
				04F9F43821EF6A250095F8B3 /* Debug */,
				04F9F43921EF6A250095F8B3 /* Release */,
			);
			defaultConfigurationIsVisible = 0;
			defaultConfigurationName = Release;
		};
		04F9F43A21EF6A250095F8B3 /* Build configuration list for PBXNativeTarget "RxSwiftSampleApp" */ = {
			isa = XCConfigurationList;
			buildConfigurations = (
				04F9F43B21EF6A250095F8B3 /* Debug */,
				04F9F43C21EF6A250095F8B3 /* Release */,
			);
			defaultConfigurationIsVisible = 0;
			defaultConfigurationName = Release;
		};
		04F9F43D21EF6A250095F8B3 /* Build configuration list for PBXNativeTarget "RxSwiftSampleAppTests" */ = {
			isa = XCConfigurationList;
			buildConfigurations = (
				04F9F43E21EF6A250095F8B3 /* Debug */,
				04F9F43F21EF6A250095F8B3 /* Release */,
			);
			defaultConfigurationIsVisible = 0;
			defaultConfigurationName = Release;
		};
		04F9F44021EF6A250095F8B3 /* Build configuration list for PBXNativeTarget "RxSwiftSampleAppUITests" */ = {
			isa = XCConfigurationList;
			buildConfigurations = (
				04F9F44121EF6A250095F8B3 /* Debug */,
				04F9F44221EF6A250095F8B3 /* Release */,
			);
			defaultConfigurationIsVisible = 0;
			defaultConfigurationName = Release;
		};
/* End XCConfigurationList section */
	};
	rootObject = 04F9F40A21EF6A240095F8B3 /* Project object */;
}
